
Microsoft Visual Studio Solution File, Format Version 12.00
# Visual Studio 15
VisualStudioVersion = 15.0.27703.2042
MinimumVisualStudioVersion = 10.0.40219.1
Project("{FAE04EC0-301F-11D3-BF4B-00C04F79EFBC}") = "Between Two Sets", "Between Two Sets\Between Two Sets.csproj", "{77E6CEC3-7356-435D-AEEF-41FA23003FEC}"
EndProject
Global
	GlobalSection(SolutionConfigurationPlatforms) = preSolution
		Debug|Any CPU = Debug|Any CPU
		Release|Any CPU = Release|Any CPU
	EndGlobalSection
	GlobalSection(ProjectConfigurationPlatforms) = postSolution
		{77E6CEC3-7356-435D-AEEF-41FA23003FEC}.Debug|Any CPU.ActiveCfg = Debug|Any CPU
		{77E6CEC3-7356-435D-AEEF-41FA23003FEC}.Debug|Any CPU.Build.0 = Debug|Any CPU
		{77E6CEC3-7356-435D-AEEF-41FA23003FEC}.Release|Any CPU.ActiveCfg = Release|Any CPU
		{77E6CEC3-7356-435D-AEEF-41FA23003FEC}.Release|Any CPU.Build.0 = Release|Any CPU
	EndGlobalSection
	GlobalSection(SolutionProperties) = preSolution
		HideSolutionNode = FALSE
	EndGlobalSection
	GlobalSection(ExtensibilityGlobals) = postSolution
		SolutionGuid = {808E29B8-ABA0-4999-8B26-63E8080043FA}
	EndGlobalSection
EndGlobal
